
Microsoft Visual Studio Solution File, Format Version 12.00
# Visual Studio 15
VisualStudioVersion = 15.0.28307.421
MinimumVisualStudioVersion = 10.0.40219.1
Project("{FAE04EC0-301F-11D3-BF4B-00C04F79EFBC}") = "DAL", "DAL\DAL.csproj", "{99B22261-2ABE-4B08-8C1E-0F25E1CAA8A1}"
EndProject
Project("{FAE04EC0-301F-11D3-BF4B-00C04F79EFBC}") = "BLL", "BLL\BLL.csproj", "{58D5BAE4-F3D1-4158-A037-9D56A117D4CE}"
EndProject
Project("{FAE04EC0-301F-11D3-BF4B-00C04F79EFBC}") = "Entities", "Entities\Entities.csproj", "{0A6CF03B-F680-4471-87A1-94275BCA8E9F}"
EndProject
Project("{FAE04EC0-301F-11D3-BF4B-00C04F79EFBC}") = "WebAPI", "WebAPI\WebAPI.csproj", "{A0D722BF-0A28-4A13-830A-230627C017AE}"
EndProject
Global
	GlobalSection(SolutionConfigurationPlatforms) = preSolution
		Debug|Any CPU = Debug|Any CPU
		Release|Any CPU = Release|Any CPU
	EndGlobalSection
	GlobalSection(ProjectConfigurationPlatforms) = postSolution
		{99B22261-2ABE-4B08-8C1E-0F25E1CAA8A1}.Debug|Any CPU.ActiveCfg = Debug|Any CPU
		{99B22261-2ABE-4B08-8C1E-0F25E1CAA8A1}.Debug|Any CPU.Build.0 = Debug|Any CPU
		{99B22261-2ABE-4B08-8C1E-0F25E1CAA8A1}.Release|Any CPU.ActiveCfg = Release|Any CPU
		{99B22261-2ABE-4B08-8C1E-0F25E1CAA8A1}.Release|Any CPU.Build.0 = Release|Any CPU
		{58D5BAE4-F3D1-4158-A037-9D56A117D4CE}.Debug|Any CPU.ActiveCfg = Debug|Any CPU
		{58D5BAE4-F3D1-4158-A037-9D56A117D4CE}.Debug|Any CPU.Build.0 = Debug|Any CPU
		{58D5BAE4-F3D1-4158-A037-9D56A117D4CE}.Release|Any CPU.ActiveCfg = Release|Any CPU
		{58D5BAE4-F3D1-4158-A037-9D56A117D4CE}.Release|Any CPU.Build.0 = Release|Any CPU
		{0A6CF03B-F680-4471-87A1-94275BCA8E9F}.Debug|Any CPU.ActiveCfg = Debug|Any CPU
		{0A6CF03B-F680-4471-87A1-94275BCA8E9F}.Debug|Any CPU.Build.0 = Debug|Any CPU
		{0A6CF03B-F680-4471-87A1-94275BCA8E9F}.Release|Any CPU.ActiveCfg = Release|Any CPU
		{0A6CF03B-F680-4471-87A1-94275BCA8E9F}.Release|Any CPU.Build.0 = Release|Any CPU
		{A0D722BF-0A28-4A13-830A-230627C017AE}.Debug|Any CPU.ActiveCfg = Debug|Any CPU
		{A0D722BF-0A28-4A13-830A-230627C017AE}.Debug|Any CPU.Build.0 = Debug|Any CPU
		{A0D722BF-0A28-4A13-830A-230627C017AE}.Release|Any CPU.ActiveCfg = Release|Any CPU
		{A0D722BF-0A28-4A13-830A-230627C017AE}.Release|Any CPU.Build.0 = Release|Any CPU
	EndGlobalSection
	GlobalSection(SolutionProperties) = preSolution
		HideSolutionNode = FALSE
	EndGlobalSection
	GlobalSection(ExtensibilityGlobals) = postSolution
		SolutionGuid = {5FDFE148-413E-4749-9BD6-2687AEB44DE3}
	EndGlobalSection
EndGlobal
